
Microsoft Visual Studio Solution File, Format Version 12.00
# Visual Studio Version 17
VisualStudioVersion = 17.0.32802.463
MinimumVisualStudioVersion = 10.0.40219.1
Project("{9A19103F-16F7-4668-BE54-9A1E7A4F7556}") = "OwlCore.AI.Exocortex", "src\OwlCore.AI.Exocortex.csproj", "{4103C486-827D-4DDC-A600-752D8DD3D6E0}"
EndProject
Project("{9A19103F-16F7-4668-BE54-9A1E7A4F7556}") = "OwlCore.AI.Exocortex.Tests", "tests\OwlCore.AI.Exocortex.Tests.csproj", "{47D65BC3-7E88-49A3-8A8A-773410E39F74}"
EndProject
Project("{9A19103F-16F7-4668-BE54-9A1E7A4F7556}") = "UMAP", "..\..\LlmPlayground\OwlCore.AI.Exocortex\src\OwlCore.AI.Exocortex\UMAP\UMAP.csproj", "{5CEF3764-2977-46C1-B4A1-5A050852E940}"
EndProject
Global
	GlobalSection(SolutionConfigurationPlatforms) = preSolution
		Debug|Any CPU = Debug|Any CPU
		Release|Any CPU = Release|Any CPU
	EndGlobalSection
	GlobalSection(ProjectConfigurationPlatforms) = postSolution
		{4103C486-827D-4DDC-A600-752D8DD3D6E0}.Debug|Any CPU.ActiveCfg = Debug|Any CPU
		{4103C486-827D-4DDC-A600-752D8DD3D6E0}.Debug|Any CPU.Build.0 = Debug|Any CPU
		{4103C486-827D-4DDC-A600-752D8DD3D6E0}.Release|Any CPU.ActiveCfg = Release|Any CPU
		{4103C486-827D-4DDC-A600-752D8DD3D6E0}.Release|Any CPU.Build.0 = Release|Any CPU
		{47D65BC3-7E88-49A3-8A8A-773410E39F74}.Debug|Any CPU.ActiveCfg = Debug|Any CPU
		{47D65BC3-7E88-49A3-8A8A-773410E39F74}.Debug|Any CPU.Build.0 = Debug|Any CPU
		{47D65BC3-7E88-49A3-8A8A-773410E39F74}.Release|Any CPU.ActiveCfg = Release|Any CPU
		{47D65BC3-7E88-49A3-8A8A-773410E39F74}.Release|Any CPU.Build.0 = Release|Any CPU
		{5CEF3764-2977-46C1-B4A1-5A050852E940}.Debug|Any CPU.ActiveCfg = Debug|Any CPU
		{5CEF3764-2977-46C1-B4A1-5A050852E940}.Debug|Any CPU.Build.0 = Debug|Any CPU
		{5CEF3764-2977-46C1-B4A1-5A050852E940}.Release|Any CPU.ActiveCfg = Release|Any CPU
		{5CEF3764-2977-46C1-B4A1-5A050852E940}.Release|Any CPU.Build.0 = Release|Any CPU
	EndGlobalSection
	GlobalSection(SolutionProperties) = preSolution
		HideSolutionNode = FALSE
	EndGlobalSection
	GlobalSection(ExtensibilityGlobals) = postSolution
		SolutionGuid = {D75BE430-E486-4A74-9063-D4A8A1C91261}
	EndGlobalSection
EndGlobal
