
Microsoft Visual Studio Solution File, Format Version 12.00
# Visual Studio Version 17
VisualStudioVersion = 17.0.32802.463
MinimumVisualStudioVersion = 10.0.40219.1
Project("{9A19103F-16F7-4668-BE54-9A1E7A4F7556}") = "OwlCore.Template", "src\OwlCore.Template.csproj", "{4103C486-827D-4DDC-A600-752D8DD3D6E0}"
EndProject
Project("{FAE04EC0-301F-11D3-BF4B-00C04F79EFBC}") = "OwlCore.Template.Tests", "tests\OwlCore.Template.Tests.csproj", "{296B048C-F31A-4555-AE05-B96F27399907}"
EndProject
Global
	GlobalSection(SolutionConfigurationPlatforms) = preSolution
		Debug|Any CPU = Debug|Any CPU
		Release|Any CPU = Release|Any CPU
	EndGlobalSection
	GlobalSection(ProjectConfigurationPlatforms) = postSolution
		{4103C486-827D-4DDC-A600-752D8DD3D6E0}.Debug|Any CPU.ActiveCfg = Debug|Any CPU
		{4103C486-827D-4DDC-A600-752D8DD3D6E0}.Debug|Any CPU.Build.0 = Debug|Any CPU
		{4103C486-827D-4DDC-A600-752D8DD3D6E0}.Release|Any CPU.ActiveCfg = Release|Any CPU
		{4103C486-827D-4DDC-A600-752D8DD3D6E0}.Release|Any CPU.Build.0 = Release|Any CPU
		{296B048C-F31A-4555-AE05-B96F27399907}.Debug|Any CPU.ActiveCfg = Debug|Any CPU
		{296B048C-F31A-4555-AE05-B96F27399907}.Debug|Any CPU.Build.0 = Debug|Any CPU
		{296B048C-F31A-4555-AE05-B96F27399907}.Release|Any CPU.ActiveCfg = Release|Any CPU
		{296B048C-F31A-4555-AE05-B96F27399907}.Release|Any CPU.Build.0 = Release|Any CPU
	EndGlobalSection
	GlobalSection(SolutionProperties) = preSolution
		HideSolutionNode = FALSE
	EndGlobalSection
	GlobalSection(ExtensibilityGlobals) = postSolution
		SolutionGuid = {D75BE430-E486-4A74-9063-D4A8A1C91261}
	EndGlobalSection
EndGlobal
